// !$*UTF8*$!
{
	archiveVersion = 1;
	classes = {
	};
	objectVersion = 50;
	objects = {

/* Begin PBXBuildFile section */
		714C6880268156640032D5AA /* CollectionDetailsViewController.swift in Sources */ = {isa = PBXBuildFile; fileRef = 714C687F268156640032D5AA /* CollectionDetailsViewController.swift */; };
		71709755267D03E700C9C7D7 /* AppDelegate.swift in Sources */ = {isa = PBXBuildFile; fileRef = 71709754267D03E700C9C7D7 /* AppDelegate.swift */; };
		71709757267D03E700C9C7D7 /* SceneDelegate.swift in Sources */ = {isa = PBXBuildFile; fileRef = 71709756267D03E700C9C7D7 /* SceneDelegate.swift */; };
		71709759267D03E700C9C7D7 /* LibraryViewController.swift in Sources */ = {isa = PBXBuildFile; fileRef = 71709758267D03E700C9C7D7 /* LibraryViewController.swift */; };
		7170975C267D03E700C9C7D7 /* Main.storyboard in Resources */ = {isa = PBXBuildFile; fileRef = 7170975A267D03E700C9C7D7 /* Main.storyboard */; };
		7170975E267D03E900C9C7D7 /* Assets.xcassets in Resources */ = {isa = PBXBuildFile; fileRef = 7170975D267D03E900C9C7D7 /* Assets.xcassets */; };
		71709761267D03E900C9C7D7 /* LaunchScreen.storyboard in Resources */ = {isa = PBXBuildFile; fileRef = 7170975F267D03E900C9C7D7 /* LaunchScreen.storyboard */; };
		71AB953426817373009F1074 /* CollectionDetailsCell.swift in Sources */ = {isa = PBXBuildFile; fileRef = 71AB953326817373009F1074 /* CollectionDetailsCell.swift */; };
		71EA523B268105BD00AA6381 /* MusicService.swift in Sources */ = {isa = PBXBuildFile; fileRef = 71EA5239268105BC00AA6381 /* MusicService.swift */; };
		71EA523C268105BD00AA6381 /* data.json in Resources */ = {isa = PBXBuildFile; fileRef = 71EA523A268105BD00AA6381 /* data.json */; };
		71EA523F26811CCE00AA6381 /* LibraryCell.swift in Sources */ = {isa = PBXBuildFile; fileRef = 71EA523E26811CCE00AA6381 /* LibraryCell.swift */; };
		CDAA090B2682289900CEBDBB /* FavoritesViewController.swift in Sources */ = {isa = PBXBuildFile; fileRef = CDAA090A2682289900CEBDBB /* FavoritesViewController.swift */; };
		CDAA090F26824BC300CEBDBB /* FavoriteCell.swift in Sources */ = {isa = PBXBuildFile; fileRef = CDAA090E26824BC300CEBDBB /* FavoriteCell.swift */; };
		CDAA091126826AA000CEBDBB /* AboutViewController.swift in Sources */ = {isa = PBXBuildFile; fileRef = CDAA091026826AA000CEBDBB /* AboutViewController.swift */; };
		CDAA09132683BB7200CEBDBB /* PlayingViewController.swift in Sources */ = {isa = PBXBuildFile; fileRef = CDAA09122683BB7200CEBDBB /* PlayingViewController.swift */; };
		CDAA09152683BFC300CEBDBB /* QueueViewController.swift in Sources */ = {isa = PBXBuildFile; fileRef = CDAA09142683BFC300CEBDBB /* QueueViewController.swift */; };
/* End PBXBuildFile section */

/* Begin PBXFileReference section */
		714C687F268156640032D5AA /* CollectionDetailsViewController.swift */ = {isa = PBXFileReference; lastKnownFileType = sourcecode.swift; path = CollectionDetailsViewController.swift; sourceTree = "<group>"; };
		71709751267D03E700C9C7D7 /* UIKit Nano.app */ = {isa = PBXFileReference; explicitFileType = wrapper.application; includeInIndex = 0; path = "UIKit Nano.app"; sourceTree = BUILT_PRODUCTS_DIR; };
		71709754267D03E700C9C7D7 /* AppDelegate.swift */ = {isa = PBXFileReference; lastKnownFileType = sourcecode.swift; path = AppDelegate.swift; sourceTree = "<group>"; };
		71709756267D03E700C9C7D7 /* SceneDelegate.swift */ = {isa = PBXFileReference; lastKnownFileType = sourcecode.swift; path = SceneDelegate.swift; sourceTree = "<group>"; };
		71709758267D03E700C9C7D7 /* LibraryViewController.swift */ = {isa = PBXFileReference; lastKnownFileType = sourcecode.swift; path = LibraryViewController.swift; sourceTree = "<group>"; };
		7170975B267D03E700C9C7D7 /* Base */ = {isa = PBXFileReference; lastKnownFileType = file.storyboard; name = Base; path = Base.lproj/Main.storyboard; sourceTree = "<group>"; };
		7170975D267D03E900C9C7D7 /* Assets.xcassets */ = {isa = PBXFileReference; lastKnownFileType = folder.assetcatalog; path = Assets.xcassets; sourceTree = "<group>"; };
		71709760267D03E900C9C7D7 /* Base */ = {isa = PBXFileReference; lastKnownFileType = file.storyboard; name = Base; path = Base.lproj/LaunchScreen.storyboard; sourceTree = "<group>"; };
		71709762267D03E900C9C7D7 /* Info.plist */ = {isa = PBXFileReference; lastKnownFileType = text.plist.xml; path = Info.plist; sourceTree = "<group>"; };
		71AB953326817373009F1074 /* CollectionDetailsCell.swift */ = {isa = PBXFileReference; lastKnownFileType = sourcecode.swift; path = CollectionDetailsCell.swift; sourceTree = "<group>"; };
		71EA5239268105BC00AA6381 /* MusicService.swift */ = {isa = PBXFileReference; fileEncoding = 4; lastKnownFileType = sourcecode.swift; path = MusicService.swift; sourceTree = "<group>"; };
		71EA523A268105BD00AA6381 /* data.json */ = {isa = PBXFileReference; fileEncoding = 4; lastKnownFileType = text.json; path = data.json; sourceTree = "<group>"; };
		71EA523E26811CCE00AA6381 /* LibraryCell.swift */ = {isa = PBXFileReference; lastKnownFileType = sourcecode.swift; path = LibraryCell.swift; sourceTree = "<group>"; };
		CDAA090A2682289900CEBDBB /* FavoritesViewController.swift */ = {isa = PBXFileReference; lastKnownFileType = sourcecode.swift; path = FavoritesViewController.swift; sourceTree = "<group>"; };
		CDAA090E26824BC300CEBDBB /* FavoriteCell.swift */ = {isa = PBXFileReference; lastKnownFileType = sourcecode.swift; path = FavoriteCell.swift; sourceTree = "<group>"; };
		CDAA091026826AA000CEBDBB /* AboutViewController.swift */ = {isa = PBXFileReference; lastKnownFileType = sourcecode.swift; path = AboutViewController.swift; sourceTree = "<group>"; };
		CDAA09122683BB7200CEBDBB /* PlayingViewController.swift */ = {isa = PBXFileReference; lastKnownFileType = sourcecode.swift; path = PlayingViewController.swift; sourceTree = "<group>"; };
		CDAA09142683BFC300CEBDBB /* QueueViewController.swift */ = {isa = PBXFileReference; lastKnownFileType = sourcecode.swift; path = QueueViewController.swift; sourceTree = "<group>"; };
/* End PBXFileReference section */

/* Begin PBXFrameworksBuildPhase section */
		7170974E267D03E700C9C7D7 /* Frameworks */ = {
			isa = PBXFrameworksBuildPhase;
			buildActionMask = 2147483647;
			files = (
			);
			runOnlyForDeploymentPostprocessing = 0;
		};
/* End PBXFrameworksBuildPhase section */

/* Begin PBXGroup section */
		71709748267D03E700C9C7D7 = {
			isa = PBXGroup;
			children = (
				71709753267D03E700C9C7D7 /* UIKit Nano */,
				71709752267D03E700C9C7D7 /* Products */,
			);
			sourceTree = "<group>";
		};
		71709752267D03E700C9C7D7 /* Products */ = {
			isa = PBXGroup;
			children = (
				71709751267D03E700C9C7D7 /* UIKit Nano.app */,
			);
			name = Products;
			sourceTree = "<group>";
		};
		71709753267D03E700C9C7D7 /* UIKit Nano */ = {
			isa = PBXGroup;
			children = (
				71709754267D03E700C9C7D7 /* AppDelegate.swift */,
				71709756267D03E700C9C7D7 /* SceneDelegate.swift */,
				71709758267D03E700C9C7D7 /* LibraryViewController.swift */,
				71EA523E26811CCE00AA6381 /* LibraryCell.swift */,
				7170975A267D03E700C9C7D7 /* Main.storyboard */,
				CDAA09142683BFC300CEBDBB /* QueueViewController.swift */,
				CDAA09122683BB7200CEBDBB /* PlayingViewController.swift */,
				CDAA090E26824BC300CEBDBB /* FavoriteCell.swift */,
				CDAA090A2682289900CEBDBB /* FavoritesViewController.swift */,
				CDAA091026826AA000CEBDBB /* AboutViewController.swift */,
				714C687F268156640032D5AA /* CollectionDetailsViewController.swift */,
				71AB953326817373009F1074 /* CollectionDetailsCell.swift */,
				71EA523A268105BD00AA6381 /* data.json */,
				71EA5239268105BC00AA6381 /* MusicService.swift */,
				7170975D267D03E900C9C7D7 /* Assets.xcassets */,
				7170975F267D03E900C9C7D7 /* LaunchScreen.storyboard */,
				71709762267D03E900C9C7D7 /* Info.plist */,
			);
			path = "UIKit Nano";
			sourceTree = "<group>";
		};
/* End PBXGroup section */

/* Begin PBXNativeTarget section */
		71709750267D03E700C9C7D7 /* UIKit Nano */ = {
			isa = PBXNativeTarget;
			buildConfigurationList = 71709765267D03E900C9C7D7 /* Build configuration list for PBXNativeTarget "UIKit Nano" */;
			buildPhases = (
				7170974D267D03E700C9C7D7 /* Sources */,
				7170974E267D03E700C9C7D7 /* Frameworks */,
				7170974F267D03E700C9C7D7 /* Resources */,
			);
			buildRules = (
			);
			dependencies = (
			);
			name = "UIKit Nano";
			productName = "UIKit Nano";
			productReference = 71709751267D03E700C9C7D7 /* UIKit Nano.app */;
			productType = "com.apple.product-type.application";
		};
/* End PBXNativeTarget section */

/* Begin PBXProject section */
		71709749267D03E700C9C7D7 /* Project object */ = {
			isa = PBXProject;
			attributes = {
				LastSwiftUpdateCheck = 1250;
				LastUpgradeCheck = 1250;
				TargetAttributes = {
					71709750267D03E700C9C7D7 = {
						CreatedOnToolsVersion = 12.5;
					};
				};
			};
			buildConfigurationList = 7170974C267D03E700C9C7D7 /* Build configuration list for PBXProject "UIKit Nano" */;
			compatibilityVersion = "Xcode 9.3";
			developmentRegion = en;
			hasScannedForEncodings = 0;
			knownRegions = (
				en,
				Base,
			);
			mainGroup = 71709748267D03E700C9C7D7;
			productRefGroup = 71709752267D03E700C9C7D7 /* Products */;
			projectDirPath = "";
			projectRoot = "";
			targets = (
				71709750267D03E700C9C7D7 /* UIKit Nano */,
			);
		};
/* End PBXProject section */

/* Begin PBXResourcesBuildPhase section */
		7170974F267D03E700C9C7D7 /* Resources */ = {
			isa = PBXResourcesBuildPhase;
			buildActionMask = 2147483647;
			files = (
				71709761267D03E900C9C7D7 /* LaunchScreen.storyboard in Resources */,
				7170975E267D03E900C9C7D7 /* Assets.xcassets in Resources */,
				7170975C267D03E700C9C7D7 /* Main.storyboard in Resources */,
				71EA523C268105BD00AA6381 /* data.json in Resources */,
			);
			runOnlyForDeploymentPostprocessing = 0;
		};
/* End PBXResourcesBuildPhase section */

/* Begin PBXSourcesBuildPhase section */
		7170974D267D03E700C9C7D7 /* Sources */ = {
			isa = PBXSourcesBuildPhase;
			buildActionMask = 2147483647;
			files = (
				CDAA09132683BB7200CEBDBB /* PlayingViewController.swift in Sources */,
				71AB953426817373009F1074 /* CollectionDetailsCell.swift in Sources */,
				71EA523F26811CCE00AA6381 /* LibraryCell.swift in Sources */,
				71709759267D03E700C9C7D7 /* LibraryViewController.swift in Sources */,
				71709755267D03E700C9C7D7 /* AppDelegate.swift in Sources */,
				714C6880268156640032D5AA /* CollectionDetailsViewController.swift in Sources */,
				71709757267D03E700C9C7D7 /* SceneDelegate.swift in Sources */,
				CDAA090B2682289900CEBDBB /* FavoritesViewController.swift in Sources */,
				CDAA09152683BFC300CEBDBB /* QueueViewController.swift in Sources */,
				CDAA090F26824BC300CEBDBB /* FavoriteCell.swift in Sources */,
				CDAA091126826AA000CEBDBB /* AboutViewController.swift in Sources */,
				71EA523B268105BD00AA6381 /* MusicService.swift in Sources */,
			);
			runOnlyForDeploymentPostprocessing = 0;
		};
/* End PBXSourcesBuildPhase section */

/* Begin PBXVariantGroup section */
		7170975A267D03E700C9C7D7 /* Main.storyboard */ = {
			isa = PBXVariantGroup;
			children = (
				7170975B267D03E700C9C7D7 /* Base */,
			);
			name = Main.storyboard;
			sourceTree = "<group>";
		};
		7170975F267D03E900C9C7D7 /* LaunchScreen.storyboard */ = {
			isa = PBXVariantGroup;
			children = (
				71709760267D03E900C9C7D7 /* Base */,
			);
			name = LaunchScreen.storyboard;
			sourceTree = "<group>";
		};
/* End PBXVariantGroup section */

/* Begin XCBuildConfiguration section */
		71709763267D03E900C9C7D7 /* Debug */ = {
			isa = XCBuildConfiguration;
			buildSettings = {
				ALWAYS_SEARCH_USER_PATHS = NO;
				CLANG_ANALYZER_NONNULL = YES;
				CLANG_ANALYZER_NUMBER_OBJECT_CONVERSION = YES_AGGRESSIVE;
				CLANG_CXX_LANGUAGE_STANDARD = "gnu++14";
				CLANG_CXX_LIBRARY = "libc++";
				CLANG_ENABLE_MODULES = YES;
				CLANG_ENABLE_OBJC_ARC = YES;
				CLANG_ENABLE_OBJC_WEAK = YES;
				CLANG_WARN_BLOCK_CAPTURE_AUTORELEASING = YES;
				CLANG_WARN_BOOL_CONVERSION = YES;
				CLANG_WARN_COMMA = YES;
				CLANG_WARN_CONSTANT_CONVERSION = YES;
				CLANG_WARN_DEPRECATED_OBJC_IMPLEMENTATIONS = YES;
				CLANG_WARN_DIRECT_OBJC_ISA_USAGE = YES_ERROR;
				CLANG_WARN_DOCUMENTATION_COMMENTS = YES;
				CLANG_WARN_EMPTY_BODY = YES;
				CLANG_WARN_ENUM_CONVERSION = YES;
				CLANG_WARN_INFINITE_RECURSION = YES;
				CLANG_WARN_INT_CONVERSION = YES;
				CLANG_WARN_NON_LITERAL_NULL_CONVERSION = YES;
				CLANG_WARN_OBJC_IMPLICIT_RETAIN_SELF = YES;
				CLANG_WARN_OBJC_LITERAL_CONVERSION = YES;
				CLANG_WARN_OBJC_ROOT_CLASS = YES_ERROR;
				CLANG_WARN_QUOTED_INCLUDE_IN_FRAMEWORK_HEADER = YES;
				CLANG_WARN_RANGE_LOOP_ANALYSIS = YES;
				CLANG_WARN_STRICT_PROTOTYPES = YES;
				CLANG_WARN_SUSPICIOUS_MOVE = YES;
				CLANG_WARN_UNGUARDED_AVAILABILITY = YES_AGGRESSIVE;
				CLANG_WARN_UNREACHABLE_CODE = YES;
				CLANG_WARN__DUPLICATE_METHOD_MATCH = YES;
				COPY_PHASE_STRIP = NO;
				DEBUG_INFORMATION_FORMAT = dwarf;
				ENABLE_STRICT_OBJC_MSGSEND = YES;
				ENABLE_TESTABILITY = YES;
				GCC_C_LANGUAGE_STANDARD = gnu11;
				GCC_DYNAMIC_NO_PIC = NO;
				GCC_NO_COMMON_BLOCKS = YES;
				GCC_OPTIMIZATION_LEVEL = 0;
				GCC_PREPROCESSOR_DEFINITIONS = (
					"DEBUG=1",
					"$(inherited)",
				);
				GCC_WARN_64_TO_32_BIT_CONVERSION = YES;
				GCC_WARN_ABOUT_RETURN_TYPE = YES_ERROR;
				GCC_WARN_UNDECLARED_SELECTOR = YES;
				GCC_WARN_UNINITIALIZED_AUTOS = YES_AGGRESSIVE;
				GCC_WARN_UNUSED_FUNCTION = YES;
				GCC_WARN_UNUSED_VARIABLE = YES;
				IPHONEOS_DEPLOYMENT_TARGET = 14.5;
				MTL_ENABLE_DEBUG_INFO = INCLUDE_SOURCE;
				MTL_FAST_MATH = YES;
				ONLY_ACTIVE_ARCH = YES;
				SDKROOT = iphoneos;
				SWIFT_ACTIVE_COMPILATION_CONDITIONS = DEBUG;
				SWIFT_OPTIMIZATION_LEVEL = "-Onone";
			};
			name = Debug;
		};
		71709764267D03E900C9C7D7 /* Release */ = {
			isa = XCBuildConfiguration;
			buildSettings = {
				ALWAYS_SEARCH_USER_PATHS = NO;
				CLANG_ANALYZER_NONNULL = YES;
				CLANG_ANALYZER_NUMBER_OBJECT_CONVERSION = YES_AGGRESSIVE;
				CLANG_CXX_LANGUAGE_STANDARD = "gnu++14";
				CLANG_CXX_LIBRARY = "libc++";
				CLANG_ENABLE_MODULES = YES;
				CLANG_ENABLE_OBJC_ARC = YES;
				CLANG_ENABLE_OBJC_WEAK = YES;
				CLANG_WARN_BLOCK_CAPTURE_AUTORELEASING = YES;
				CLANG_WARN_BOOL_CONVERSION = YES;
				CLANG_WARN_COMMA = YES;
				CLANG_WARN_CONSTANT_CONVERSION = YES;
				CLANG_WARN_DEPRECATED_OBJC_IMPLEMENTATIONS = YES;
				CLANG_WARN_DIRECT_OBJC_ISA_USAGE = YES_ERROR;
				CLANG_WARN_DOCUMENTATION_COMMENTS = YES;
				CLANG_WARN_EMPTY_BODY = YES;
				CLANG_WARN_ENUM_CONVERSION = YES;
				CLANG_WARN_INFINITE_RECURSION = YES;
				CLANG_WARN_INT_CONVERSION = YES;
				CLANG_WARN_NON_LITERAL_NULL_CONVERSION = YES;
				CLANG_WARN_OBJC_IMPLICIT_RETAIN_SELF = YES;
				CLANG_WARN_OBJC_LITERAL_CONVERSION = YES;
				CLANG_WARN_OBJC_ROOT_CLASS = YES_ERROR;
				CLANG_WARN_QUOTED_INCLUDE_IN_FRAMEWORK_HEADER = YES;
				CLANG_WARN_RANGE_LOOP_ANALYSIS = YES;
				CLANG_WARN_STRICT_PROTOTYPES = YES;
				CLANG_WARN_SUSPICIOUS_MOVE = YES;
				CLANG_WARN_UNGUARDED_AVAILABILITY = YES_AGGRESSIVE;
				CLANG_WARN_UNREACHABLE_CODE = YES;
				CLANG_WARN__DUPLICATE_METHOD_MATCH = YES;
				COPY_PHASE_STRIP = NO;
				DEBUG_INFORMATION_FORMAT = "dwarf-with-dsym";
				ENABLE_NS_ASSERTIONS = NO;
				ENABLE_STRICT_OBJC_MSGSEND = YES;
				GCC_C_LANGUAGE_STANDARD = gnu11;
				GCC_NO_COMMON_BLOCKS = YES;
				GCC_WARN_64_TO_32_BIT_CONVERSION = YES;
				GCC_WARN_ABOUT_RETURN_TYPE = YES_ERROR;
				GCC_WARN_UNDECLARED_SELECTOR = YES;
				GCC_WARN_UNINITIALIZED_AUTOS = YES_AGGRESSIVE;
				GCC_WARN_UNUSED_FUNCTION = YES;
				GCC_WARN_UNUSED_VARIABLE = YES;
				IPHONEOS_DEPLOYMENT_TARGET = 14.5;
				MTL_ENABLE_DEBUG_INFO = NO;
				MTL_FAST_MATH = YES;
				SDKROOT = iphoneos;
				SWIFT_COMPILATION_MODE = wholemodule;
				SWIFT_OPTIMIZATION_LEVEL = "-O";
				VALIDATE_PRODUCT = YES;
			};
			name = Release;
		};
		71709766267D03E900C9C7D7 /* Debug */ = {
			isa = XCBuildConfiguration;
			buildSettings = {
				ASSETCATALOG_COMPILER_APPICON_NAME = AppIcon;
				ASSETCATALOG_COMPILER_GLOBAL_ACCENT_COLOR_NAME = AccentColor;
				CODE_SIGN_STYLE = Automatic;
				DEVELOPMENT_TEAM = M7DG8QRAF9;
				INFOPLIST_FILE = "UIKit Nano/Info.plist";
				IPHONEOS_DEPLOYMENT_TARGET = 14.5;
				LD_RUNPATH_SEARCH_PATHS = (
					"$(inherited)",
					"@executable_path/Frameworks",
				);
				PRODUCT_BUNDLE_IDENTIFIER = "br.poa.academy.UIKit-Nano";
				PRODUCT_NAME = "$(TARGET_NAME)";
				SWIFT_VERSION = 5.0;
				TARGETED_DEVICE_FAMILY = "1,2";
			};
			name = Debug;
		};
		71709767267D03E900C9C7D7 /* Release */ = {
			isa = XCBuildConfiguration;
			buildSettings = {
				ASSETCATALOG_COMPILER_APPICON_NAME = AppIcon;
				ASSETCATALOG_COMPILER_GLOBAL_ACCENT_COLOR_NAME = AccentColor;
				CODE_SIGN_STYLE = Automatic;
				DEVELOPMENT_TEAM = M7DG8QRAF9;
				INFOPLIST_FILE = "UIKit Nano/Info.plist";
				IPHONEOS_DEPLOYMENT_TARGET = 14.5;
				LD_RUNPATH_SEARCH_PATHS = (
					"$(inherited)",
					"@executable_path/Frameworks",
				);
				PRODUCT_BUNDLE_IDENTIFIER = "br.poa.academy.UIKit-Nano";
				PRODUCT_NAME = "$(TARGET_NAME)";
				SWIFT_VERSION = 5.0;
				TARGETED_DEVICE_FAMILY = "1,2";
			};
			name = Release;
		};
/* End XCBuildConfiguration section */

/* Begin XCConfigurationList section */
		7170974C267D03E700C9C7D7 /* Build configuration list for PBXProject "UIKit Nano" */ = {
			isa = XCConfigurationList;
			buildConfigurations = (
				71709763267D03E900C9C7D7 /* Debug */,
				71709764267D03E900C9C7D7 /* Release */,
			);
			defaultConfigurationIsVisible = 0;
			defaultConfigurationName = Release;
		};
		71709765267D03E900C9C7D7 /* Build configuration list for PBXNativeTarget "UIKit Nano" */ = {
			isa = XCConfigurationList;
			buildConfigurations = (
				71709766267D03E900C9C7D7 /* Debug */,
				71709767267D03E900C9C7D7 /* Release */,
			);
			defaultConfigurationIsVisible = 0;
			defaultConfigurationName = Release;
		};
/* End XCConfigurationList section */
	};
	rootObject = 71709749267D03E700C9C7D7 /* Project object */;
}
